// !$*UTF8*$!
{
	archiveVersion = 1;
	classes = {
	};
	objectVersion = 56;
	objects = {

/* Begin PBXBuildFile section */
		3CB69DFD29EE2DF400931FD5 /* BudgetApp.swift in Sources */ = {isa = PBXBuildFile; fileRef = 3CB69DFC29EE2DF400931FD5 /* BudgetApp.swift */; };
		3CB69DFF29EE2DF400931FD5 /* ContentView.swift in Sources */ = {isa = PBXBuildFile; fileRef = 3CB69DFE29EE2DF400931FD5 /* ContentView.swift */; };
		3CB69E0129EE2DF600931FD5 /* Assets.xcassets in Resources */ = {isa = PBXBuildFile; fileRef = 3CB69E0029EE2DF600931FD5 /* Assets.xcassets */; };
		3CB69E0429EE2DF600931FD5 /* Preview Assets.xcassets in Resources */ = {isa = PBXBuildFile; fileRef = 3CB69E0329EE2DF600931FD5 /* Preview Assets.xcassets */; };
		3CB69E0E29EE2DF600931FD5 /* BudgetTests.swift in Sources */ = {isa = PBXBuildFile; fileRef = 3CB69E0D29EE2DF600931FD5 /* BudgetTests.swift */; };
		3CB69E1829EE2DF600931FD5 /* BudgetUITests.swift in Sources */ = {isa = PBXBuildFile; fileRef = 3CB69E1729EE2DF600931FD5 /* BudgetUITests.swift */; };
		3CB69E1A29EE2DF600931FD5 /* BudgetUITestsLaunchTests.swift in Sources */ = {isa = PBXBuildFile; fileRef = 3CB69E1929EE2DF600931FD5 /* BudgetUITestsLaunchTests.swift */; };
/* End PBXBuildFile section */

/* Begin PBXContainerItemProxy section */
		3CB69E0A29EE2DF600931FD5 /* PBXContainerItemProxy */ = {
			isa = PBXContainerItemProxy;
			containerPortal = 3CB69DF129EE2DF400931FD5 /* Project object */;
			proxyType = 1;
			remoteGlobalIDString = 3CB69DF829EE2DF400931FD5;
			remoteInfo = Budget;
		};
		3CB69E1429EE2DF600931FD5 /* PBXContainerItemProxy */ = {
			isa = PBXContainerItemProxy;
			containerPortal = 3CB69DF129EE2DF400931FD5 /* Project object */;
			proxyType = 1;
			remoteGlobalIDString = 3CB69DF829EE2DF400931FD5;
			remoteInfo = Budget;
		};
/* End PBXContainerItemProxy section */

/* Begin PBXFileReference section */
		3CB69DF929EE2DF400931FD5 /* Budget.app */ = {isa = PBXFileReference; explicitFileType = wrapper.application; includeInIndex = 0; path = Budget.app; sourceTree = BUILT_PRODUCTS_DIR; };
		3CB69DFC29EE2DF400931FD5 /* BudgetApp.swift */ = {isa = PBXFileReference; lastKnownFileType = sourcecode.swift; path = BudgetApp.swift; sourceTree = "<group>"; };
		3CB69DFE29EE2DF400931FD5 /* ContentView.swift */ = {isa = PBXFileReference; lastKnownFileType = sourcecode.swift; path = ContentView.swift; sourceTree = "<group>"; };
		3CB69E0029EE2DF600931FD5 /* Assets.xcassets */ = {isa = PBXFileReference; lastKnownFileType = folder.assetcatalog; path = Assets.xcassets; sourceTree = "<group>"; };
		3CB69E0329EE2DF600931FD5 /* Preview Assets.xcassets */ = {isa = PBXFileReference; lastKnownFileType = folder.assetcatalog; path = "Preview Assets.xcassets"; sourceTree = "<group>"; };
		3CB69E0929EE2DF600931FD5 /* BudgetTests.xctest */ = {isa = PBXFileReference; explicitFileType = wrapper.cfbundle; includeInIndex = 0; path = BudgetTests.xctest; sourceTree = BUILT_PRODUCTS_DIR; };
		3CB69E0D29EE2DF600931FD5 /* BudgetTests.swift */ = {isa = PBXFileReference; lastKnownFileType = sourcecode.swift; path = BudgetTests.swift; sourceTree = "<group>"; };
		3CB69E1329EE2DF600931FD5 /* BudgetUITests.xctest */ = {isa = PBXFileReference; explicitFileType = wrapper.cfbundle; includeInIndex = 0; path = BudgetUITests.xctest; sourceTree = BUILT_PRODUCTS_DIR; };
		3CB69E1729EE2DF600931FD5 /* BudgetUITests.swift */ = {isa = PBXFileReference; lastKnownFileType = sourcecode.swift; path = BudgetUITests.swift; sourceTree = "<group>"; };
		3CB69E1929EE2DF600931FD5 /* BudgetUITestsLaunchTests.swift */ = {isa = PBXFileReference; lastKnownFileType = sourcecode.swift; path = BudgetUITestsLaunchTests.swift; sourceTree = "<group>"; };
/* End PBXFileReference section */

/* Begin PBXFrameworksBuildPhase section */
		3CB69DF629EE2DF400931FD5 /* Frameworks */ = {
			isa = PBXFrameworksBuildPhase;
			buildActionMask = 2147483647;
			files = (
			);
			runOnlyForDeploymentPostprocessing = 0;
		};
		3CB69E0629EE2DF600931FD5 /* Frameworks */ = {
			isa = PBXFrameworksBuildPhase;
			buildActionMask = 2147483647;
			files = (
			);
			runOnlyForDeploymentPostprocessing = 0;
		};
		3CB69E1029EE2DF600931FD5 /* Frameworks */ = {
			isa = PBXFrameworksBuildPhase;
			buildActionMask = 2147483647;
			files = (
			);
			runOnlyForDeploymentPostprocessing = 0;
		};
/* End PBXFrameworksBuildPhase section */

/* Begin PBXGroup section */
		3CB69DF029EE2DF400931FD5 = {
			isa = PBXGroup;
			children = (
				3CB69DFB29EE2DF400931FD5 /* Budget */,
				3CB69E0C29EE2DF600931FD5 /* BudgetTests */,
				3CB69E1629EE2DF600931FD5 /* BudgetUITests */,
				3CB69DFA29EE2DF400931FD5 /* Products */,
			);
			sourceTree = "<group>";
		};
		3CB69DFA29EE2DF400931FD5 /* Products */ = {
			isa = PBXGroup;
			children = (
				3CB69DF929EE2DF400931FD5 /* Budget.app */,
				3CB69E0929EE2DF600931FD5 /* BudgetTests.xctest */,
				3CB69E1329EE2DF600931FD5 /* BudgetUITests.xctest */,
			);
			name = Products;
			sourceTree = "<group>";
		};
		3CB69DFB29EE2DF400931FD5 /* Budget */ = {
			isa = PBXGroup;
			children = (
				3CB69DFC29EE2DF400931FD5 /* BudgetApp.swift */,
				3CB69DFE29EE2DF400931FD5 /* ContentView.swift */,
				3CB69E0029EE2DF600931FD5 /* Assets.xcassets */,
				3CB69E0229EE2DF600931FD5 /* Preview Content */,
			);
			path = Budget;
			sourceTree = "<group>";
		};
		3CB69E0229EE2DF600931FD5 /* Preview Content */ = {
			isa = PBXGroup;
			children = (
				3CB69E0329EE2DF600931FD5 /* Preview Assets.xcassets */,
			);
			path = "Preview Content";
			sourceTree = "<group>";
		};
		3CB69E0C29EE2DF600931FD5 /* BudgetTests */ = {
			isa = PBXGroup;
			children = (
				3CB69E0D29EE2DF600931FD5 /* BudgetTests.swift */,
			);
			path = BudgetTests;
			sourceTree = "<group>";
		};
		3CB69E1629EE2DF600931FD5 /* BudgetUITests */ = {
			isa = PBXGroup;
			children = (
				3CB69E1729EE2DF600931FD5 /* BudgetUITests.swift */,
				3CB69E1929EE2DF600931FD5 /* BudgetUITestsLaunchTests.swift */,
			);
			path = BudgetUITests;
			sourceTree = "<group>";
		};
/* End PBXGroup section */

/* Begin PBXNativeTarget section */
		3CB69DF829EE2DF400931FD5 /* Budget */ = {
			isa = PBXNativeTarget;
			buildConfigurationList = 3CB69E1D29EE2DF600931FD5 /* Build configuration list for PBXNativeTarget "Budget" */;
			buildPhases = (
				3CB69DF529EE2DF400931FD5 /* Sources */,
				3CB69DF629EE2DF400931FD5 /* Frameworks */,
				3CB69DF729EE2DF400931FD5 /* Resources */,
			);
			buildRules = (
			);
			dependencies = (
			);
			name = Budget;
			productName = Budget;
			productReference = 3CB69DF929EE2DF400931FD5 /* Budget.app */;
			productType = "com.apple.product-type.application";
		};
		3CB69E0829EE2DF600931FD5 /* BudgetTests */ = {
			isa = PBXNativeTarget;
			buildConfigurationList = 3CB69E2029EE2DF600931FD5 /* Build configuration list for PBXNativeTarget "BudgetTests" */;
			buildPhases = (
				3CB69E0529EE2DF600931FD5 /* Sources */,
				3CB69E0629EE2DF600931FD5 /* Frameworks */,
				3CB69E0729EE2DF600931FD5 /* Resources */,
			);
			buildRules = (
			);
			dependencies = (
				3CB69E0B29EE2DF600931FD5 /* PBXTargetDependency */,
			);
			name = BudgetTests;
			productName = BudgetTests;
			productReference = 3CB69E0929EE2DF600931FD5 /* BudgetTests.xctest */;
			productType = "com.apple.product-type.bundle.unit-test";
		};
		3CB69E1229EE2DF600931FD5 /* BudgetUITests */ = {
			isa = PBXNativeTarget;
			buildConfigurationList = 3CB69E2329EE2DF600931FD5 /* Build configuration list for PBXNativeTarget "BudgetUITests" */;
			buildPhases = (
				3CB69E0F29EE2DF600931FD5 /* Sources */,
				3CB69E1029EE2DF600931FD5 /* Frameworks */,
				3CB69E1129EE2DF600931FD5 /* Resources */,
			);
			buildRules = (
			);
			dependencies = (
				3CB69E1529EE2DF600931FD5 /* PBXTargetDependency */,
			);
			name = BudgetUITests;
			productName = BudgetUITests;
			productReference = 3CB69E1329EE2DF600931FD5 /* BudgetUITests.xctest */;
			productType = "com.apple.product-type.bundle.ui-testing";
		};
/* End PBXNativeTarget section */

/* Begin PBXProject section */
		3CB69DF129EE2DF400931FD5 /* Project object */ = {
			isa = PBXProject;
			attributes = {
				BuildIndependentTargetsInParallel = 1;
				LastSwiftUpdateCheck = 1430;
				LastUpgradeCheck = 1430;
				TargetAttributes = {
					3CB69DF829EE2DF400931FD5 = {
						CreatedOnToolsVersion = 14.3;
					};
					3CB69E0829EE2DF600931FD5 = {
						CreatedOnToolsVersion = 14.3;
						TestTargetID = 3CB69DF829EE2DF400931FD5;
					};
					3CB69E1229EE2DF600931FD5 = {
						CreatedOnToolsVersion = 14.3;
						TestTargetID = 3CB69DF829EE2DF400931FD5;
					};
				};
			};
			buildConfigurationList = 3CB69DF429EE2DF400931FD5 /* Build configuration list for PBXProject "Budget" */;
			compatibilityVersion = "Xcode 14.0";
			developmentRegion = en;
			hasScannedForEncodings = 0;
			knownRegions = (
				en,
				Base,
			);
			mainGroup = 3CB69DF029EE2DF400931FD5;
			productRefGroup = 3CB69DFA29EE2DF400931FD5 /* Products */;
			projectDirPath = "";
			projectRoot = "";
			targets = (
				3CB69DF829EE2DF400931FD5 /* Budget */,
				3CB69E0829EE2DF600931FD5 /* BudgetTests */,
				3CB69E1229EE2DF600931FD5 /* BudgetUITests */,
			);
		};
/* End PBXProject section */

/* Begin PBXResourcesBuildPhase section */
		3CB69DF729EE2DF400931FD5 /* Resources */ = {
			isa = PBXResourcesBuildPhase;
			buildActionMask = 2147483647;
			files = (
				3CB69E0429EE2DF600931FD5 /* Preview Assets.xcassets in Resources */,
				3CB69E0129EE2DF600931FD5 /* Assets.xcassets in Resources */,
			);
			runOnlyForDeploymentPostprocessing = 0;
		};
		3CB69E0729EE2DF600931FD5 /* Resources */ = {
			isa = PBXResourcesBuildPhase;
			buildActionMask = 2147483647;
			files = (
			);
			runOnlyForDeploymentPostprocessing = 0;
		};
		3CB69E1129EE2DF600931FD5 /* Resources */ = {
			isa = PBXResourcesBuildPhase;
			buildActionMask = 2147483647;
			files = (
			);
			runOnlyForDeploymentPostprocessing = 0;
		};
/* End PBXResourcesBuildPhase section */

/* Begin PBXSourcesBuildPhase section */
		3CB69DF529EE2DF400931FD5 /* Sources */ = {
			isa = PBXSourcesBuildPhase;
			buildActionMask = 2147483647;
			files = (
				3CB69DFF29EE2DF400931FD5 /* ContentView.swift in Sources */,
				3CB69DFD29EE2DF400931FD5 /* BudgetApp.swift in Sources */,
			);
			runOnlyForDeploymentPostprocessing = 0;
		};
		3CB69E0529EE2DF600931FD5 /* Sources */ = {
			isa = PBXSourcesBuildPhase;
			buildActionMask = 2147483647;
			files = (
				3CB69E0E29EE2DF600931FD5 /* BudgetTests.swift in Sources */,
			);
			runOnlyForDeploymentPostprocessing = 0;
		};
		3CB69E0F29EE2DF600931FD5 /* Sources */ = {
			isa = PBXSourcesBuildPhase;
			buildActionMask = 2147483647;
			files = (
				3CB69E1829EE2DF600931FD5 /* BudgetUITests.swift in Sources */,
				3CB69E1A29EE2DF600931FD5 /* BudgetUITestsLaunchTests.swift in Sources */,
			);
			runOnlyForDeploymentPostprocessing = 0;
		};
/* End PBXSourcesBuildPhase section */

/* Begin PBXTargetDependency section */
		3CB69E0B29EE2DF600931FD5 /* PBXTargetDependency */ = {
			isa = PBXTargetDependency;
			target = 3CB69DF829EE2DF400931FD5 /* Budget */;
			targetProxy = 3CB69E0A29EE2DF600931FD5 /* PBXContainerItemProxy */;
		};
		3CB69E1529EE2DF600931FD5 /* PBXTargetDependency */ = {
			isa = PBXTargetDependency;
			target = 3CB69DF829EE2DF400931FD5 /* Budget */;
			targetProxy = 3CB69E1429EE2DF600931FD5 /* PBXContainerItemProxy */;
		};
/* End PBXTargetDependency section */

/* Begin XCBuildConfiguration section */
		3CB69E1B29EE2DF600931FD5 /* Debug */ = {
			isa = XCBuildConfiguration;
			buildSettings = {
				ALWAYS_SEARCH_USER_PATHS = NO;
				CLANG_ANALYZER_NONNULL = YES;
				CLANG_ANALYZER_NUMBER_OBJECT_CONVERSION = YES_AGGRESSIVE;
				CLANG_CXX_LANGUAGE_STANDARD = "gnu++20";
				CLANG_ENABLE_MODULES = YES;
				CLANG_ENABLE_OBJC_ARC = YES;
				CLANG_ENABLE_OBJC_WEAK = YES;
				CLANG_WARN_BLOCK_CAPTURE_AUTORELEASING = YES;
				CLANG_WARN_BOOL_CONVERSION = YES;
				CLANG_WARN_COMMA = YES;
				CLANG_WARN_CONSTANT_CONVERSION = YES;
				CLANG_WARN_DEPRECATED_OBJC_IMPLEMENTATIONS = YES;
				CLANG_WARN_DIRECT_OBJC_ISA_USAGE = YES_ERROR;
				CLANG_WARN_DOCUMENTATION_COMMENTS = YES;
				CLANG_WARN_EMPTY_BODY = YES;
				CLANG_WARN_ENUM_CONVERSION = YES;
				CLANG_WARN_INFINITE_RECURSION = YES;
				CLANG_WARN_INT_CONVERSION = YES;
				CLANG_WARN_NON_LITERAL_NULL_CONVERSION = YES;
				CLANG_WARN_OBJC_IMPLICIT_RETAIN_SELF = YES;
				CLANG_WARN_OBJC_LITERAL_CONVERSION = YES;
				CLANG_WARN_OBJC_ROOT_CLASS = YES_ERROR;
				CLANG_WARN_QUOTED_INCLUDE_IN_FRAMEWORK_HEADER = YES;
				CLANG_WARN_RANGE_LOOP_ANALYSIS = YES;
				CLANG_WARN_STRICT_PROTOTYPES = YES;
				CLANG_WARN_SUSPICIOUS_MOVE = YES;
				CLANG_WARN_UNGUARDED_AVAILABILITY = YES_AGGRESSIVE;
				CLANG_WARN_UNREACHABLE_CODE = YES;
				CLANG_WARN__DUPLICATE_METHOD_MATCH = YES;
				COPY_PHASE_STRIP = NO;
				DEBUG_INFORMATION_FORMAT = dwarf;
				ENABLE_STRICT_OBJC_MSGSEND = YES;
				ENABLE_TESTABILITY = YES;
				GCC_C_LANGUAGE_STANDARD = gnu11;
				GCC_DYNAMIC_NO_PIC = NO;
				GCC_NO_COMMON_BLOCKS = YES;
				GCC_OPTIMIZATION_LEVEL = 0;
				GCC_PREPROCESSOR_DEFINITIONS = (
					"DEBUG=1",
					"$(inherited)",
				);
				GCC_WARN_64_TO_32_BIT_CONVERSION = YES;
				GCC_WARN_ABOUT_RETURN_TYPE = YES_ERROR;
				GCC_WARN_UNDECLARED_SELECTOR = YES;
				GCC_WARN_UNINITIALIZED_AUTOS = YES_AGGRESSIVE;
				GCC_WARN_UNUSED_FUNCTION = YES;
				GCC_WARN_UNUSED_VARIABLE = YES;
				IPHONEOS_DEPLOYMENT_TARGET = 16.4;
				MTL_ENABLE_DEBUG_INFO = INCLUDE_SOURCE;
				MTL_FAST_MATH = YES;
				ONLY_ACTIVE_ARCH = YES;
				SDKROOT = iphoneos;
				SWIFT_ACTIVE_COMPILATION_CONDITIONS = DEBUG;
				SWIFT_OPTIMIZATION_LEVEL = "-Onone";
			};
			name = Debug;
		};
		3CB69E1C29EE2DF600931FD5 /* Release */ = {
			isa = XCBuildConfiguration;
			buildSettings = {
				ALWAYS_SEARCH_USER_PATHS = NO;
				CLANG_ANALYZER_NONNULL = YES;
				CLANG_ANALYZER_NUMBER_OBJECT_CONVERSION = YES_AGGRESSIVE;
				CLANG_CXX_LANGUAGE_STANDARD = "gnu++20";
				CLANG_ENABLE_MODULES = YES;
				CLANG_ENABLE_OBJC_ARC = YES;
				CLANG_ENABLE_OBJC_WEAK = YES;
				CLANG_WARN_BLOCK_CAPTURE_AUTORELEASING = YES;
				CLANG_WARN_BOOL_CONVERSION = YES;
				CLANG_WARN_COMMA = YES;
				CLANG_WARN_CONSTANT_CONVERSION = YES;
				CLANG_WARN_DEPRECATED_OBJC_IMPLEMENTATIONS = YES;
				CLANG_WARN_DIRECT_OBJC_ISA_USAGE = YES_ERROR;
				CLANG_WARN_DOCUMENTATION_COMMENTS = YES;
				CLANG_WARN_EMPTY_BODY = YES;
				CLANG_WARN_ENUM_CONVERSION = YES;
				CLANG_WARN_INFINITE_RECURSION = YES;
				CLANG_WARN_INT_CONVERSION = YES;
				CLANG_WARN_NON_LITERAL_NULL_CONVERSION = YES;
				CLANG_WARN_OBJC_IMPLICIT_RETAIN_SELF = YES;
				CLANG_WARN_OBJC_LITERAL_CONVERSION = YES;
				CLANG_WARN_OBJC_ROOT_CLASS = YES_ERROR;
				CLANG_WARN_QUOTED_INCLUDE_IN_FRAMEWORK_HEADER = YES;
				CLANG_WARN_RANGE_LOOP_ANALYSIS = YES;
				CLANG_WARN_STRICT_PROTOTYPES = YES;
				CLANG_WARN_SUSPICIOUS_MOVE = YES;
				CLANG_WARN_UNGUARDED_AVAILABILITY = YES_AGGRESSIVE;
				CLANG_WARN_UNREACHABLE_CODE = YES;
				CLANG_WARN__DUPLICATE_METHOD_MATCH = YES;
				COPY_PHASE_STRIP = NO;
				DEBUG_INFORMATION_FORMAT = "dwarf-with-dsym";
				ENABLE_NS_ASSERTIONS = NO;
				ENABLE_STRICT_OBJC_MSGSEND = YES;
				GCC_C_LANGUAGE_STANDARD = gnu11;
				GCC_NO_COMMON_BLOCKS = YES;
				GCC_WARN_64_TO_32_BIT_CONVERSION = YES;
				GCC_WARN_ABOUT_RETURN_TYPE = YES_ERROR;
				GCC_WARN_UNDECLARED_SELECTOR = YES;
				GCC_WARN_UNINITIALIZED_AUTOS = YES_AGGRESSIVE;
				GCC_WARN_UNUSED_FUNCTION = YES;
				GCC_WARN_UNUSED_VARIABLE = YES;
				IPHONEOS_DEPLOYMENT_TARGET = 16.4;
				MTL_ENABLE_DEBUG_INFO = NO;
				MTL_FAST_MATH = YES;
				SDKROOT = iphoneos;
				SWIFT_COMPILATION_MODE = wholemodule;
				SWIFT_OPTIMIZATION_LEVEL = "-O";
				VALIDATE_PRODUCT = YES;
			};
			name = Release;
		};
		3CB69E1E29EE2DF600931FD5 /* Debug */ = {
			isa = XCBuildConfiguration;
			buildSettings = {
				ASSETCATALOG_COMPILER_APPICON_NAME = AppIcon;
				ASSETCATALOG_COMPILER_GLOBAL_ACCENT_COLOR_NAME = AccentColor;
				CODE_SIGN_STYLE = Automatic;
				CURRENT_PROJECT_VERSION = 1;
				DEVELOPMENT_ASSET_PATHS = "\"Budget/Preview Content\"";
				ENABLE_PREVIEWS = YES;
				GENERATE_INFOPLIST_FILE = YES;
				INFOPLIST_KEY_UIApplicationSceneManifest_Generation = YES;
				INFOPLIST_KEY_UIApplicationSupportsIndirectInputEvents = YES;
				INFOPLIST_KEY_UILaunchScreen_Generation = YES;
				INFOPLIST_KEY_UISupportedInterfaceOrientations_iPad = "UIInterfaceOrientationPortrait UIInterfaceOrientationPortraitUpsideDown UIInterfaceOrientationLandscapeLeft UIInterfaceOrientationLandscapeRight";
				INFOPLIST_KEY_UISupportedInterfaceOrientations_iPhone = "UIInterfaceOrientationPortrait UIInterfaceOrientationLandscapeLeft UIInterfaceOrientationLandscapeRight";
				LD_RUNPATH_SEARCH_PATHS = (
					"$(inherited)",
					"@executable_path/Frameworks",
				);
				MARKETING_VERSION = 1.0;
				PRODUCT_BUNDLE_IDENTIFIER = ornitie.Budget;
				PRODUCT_NAME = "$(TARGET_NAME)";
				SWIFT_EMIT_LOC_STRINGS = YES;
				SWIFT_VERSION = 5.0;
				TARGETED_DEVICE_FAMILY = "1,2";
			};
			name = Debug;
		};
		3CB69E1F29EE2DF600931FD5 /* Release */ = {
			isa = XCBuildConfiguration;
			buildSettings = {
				ASSETCATALOG_COMPILER_APPICON_NAME = AppIcon;
				ASSETCATALOG_COMPILER_GLOBAL_ACCENT_COLOR_NAME = AccentColor;
				CODE_SIGN_STYLE = Automatic;
				CURRENT_PROJECT_VERSION = 1;
				DEVELOPMENT_ASSET_PATHS = "\"Budget/Preview Content\"";
				ENABLE_PREVIEWS = YES;
				GENERATE_INFOPLIST_FILE = YES;
				INFOPLIST_KEY_UIApplicationSceneManifest_Generation = YES;
				INFOPLIST_KEY_UIApplicationSupportsIndirectInputEvents = YES;
				INFOPLIST_KEY_UILaunchScreen_Generation = YES;
				INFOPLIST_KEY_UISupportedInterfaceOrientations_iPad = "UIInterfaceOrientationPortrait UIInterfaceOrientationPortraitUpsideDown UIInterfaceOrientationLandscapeLeft UIInterfaceOrientationLandscapeRight";
				INFOPLIST_KEY_UISupportedInterfaceOrientations_iPhone = "UIInterfaceOrientationPortrait UIInterfaceOrientationLandscapeLeft UIInterfaceOrientationLandscapeRight";
				LD_RUNPATH_SEARCH_PATHS = (
					"$(inherited)",
					"@executable_path/Frameworks",
				);
				MARKETING_VERSION = 1.0;
				PRODUCT_BUNDLE_IDENTIFIER = ornitie.Budget;
				PRODUCT_NAME = "$(TARGET_NAME)";
				SWIFT_EMIT_LOC_STRINGS = YES;
				SWIFT_VERSION = 5.0;
				TARGETED_DEVICE_FAMILY = "1,2";
			};
			name = Release;
		};
		3CB69E2129EE2DF600931FD5 /* Debug */ = {
			isa = XCBuildConfiguration;
			buildSettings = {
				ALWAYS_EMBED_SWIFT_STANDARD_LIBRARIES = YES;
				BUNDLE_LOADER = "$(TEST_HOST)";
				CODE_SIGN_STYLE = Automatic;
				CURRENT_PROJECT_VERSION = 1;
				GENERATE_INFOPLIST_FILE = YES;
				IPHONEOS_DEPLOYMENT_TARGET = 16.4;
				MARKETING_VERSION = 1.0;
				PRODUCT_BUNDLE_IDENTIFIER = ornitie.BudgetTests;
				PRODUCT_NAME = "$(TARGET_NAME)";
				SWIFT_EMIT_LOC_STRINGS = NO;
				SWIFT_VERSION = 5.0;
				TARGETED_DEVICE_FAMILY = "1,2";
				TEST_HOST = "$(BUILT_PRODUCTS_DIR)/Budget.app/$(BUNDLE_EXECUTABLE_FOLDER_PATH)/Budget";
			};
			name = Debug;
		};
		3CB69E2229EE2DF600931FD5 /* Release */ = {
			isa = XCBuildConfiguration;
			buildSettings = {
				ALWAYS_EMBED_SWIFT_STANDARD_LIBRARIES = YES;
				BUNDLE_LOADER = "$(TEST_HOST)";
				CODE_SIGN_STYLE = Automatic;
				CURRENT_PROJECT_VERSION = 1;
				GENERATE_INFOPLIST_FILE = YES;
				IPHONEOS_DEPLOYMENT_TARGET = 16.4;
				MARKETING_VERSION = 1.0;
				PRODUCT_BUNDLE_IDENTIFIER = ornitie.BudgetTests;
				PRODUCT_NAME = "$(TARGET_NAME)";
				SWIFT_EMIT_LOC_STRINGS = NO;
				SWIFT_VERSION = 5.0;
				TARGETED_DEVICE_FAMILY = "1,2";
				TEST_HOST = "$(BUILT_PRODUCTS_DIR)/Budget.app/$(BUNDLE_EXECUTABLE_FOLDER_PATH)/Budget";
			};
			name = Release;
		};
		3CB69E2429EE2DF600931FD5 /* Debug */ = {
			isa = XCBuildConfiguration;
			buildSettings = {
				ALWAYS_EMBED_SWIFT_STANDARD_LIBRARIES = YES;
				CODE_SIGN_STYLE = Automatic;
				CURRENT_PROJECT_VERSION = 1;
				GENERATE_INFOPLIST_FILE = YES;
				MARKETING_VERSION = 1.0;
				PRODUCT_BUNDLE_IDENTIFIER = ornitie.BudgetUITests;
				PRODUCT_NAME = "$(TARGET_NAME)";
				SWIFT_EMIT_LOC_STRINGS = NO;
				SWIFT_VERSION = 5.0;
				TARGETED_DEVICE_FAMILY = "1,2";
				TEST_TARGET_NAME = Budget;
			};
			name = Debug;
		};
		3CB69E2529EE2DF600931FD5 /* Release */ = {
			isa = XCBuildConfiguration;
			buildSettings = {
				ALWAYS_EMBED_SWIFT_STANDARD_LIBRARIES = YES;
				CODE_SIGN_STYLE = Automatic;
				CURRENT_PROJECT_VERSION = 1;
				GENERATE_INFOPLIST_FILE = YES;
				MARKETING_VERSION = 1.0;
				PRODUCT_BUNDLE_IDENTIFIER = ornitie.BudgetUITests;
				PRODUCT_NAME = "$(TARGET_NAME)";
				SWIFT_EMIT_LOC_STRINGS = NO;
				SWIFT_VERSION = 5.0;
				TARGETED_DEVICE_FAMILY = "1,2";
				TEST_TARGET_NAME = Budget;
			};
			name = Release;
		};
/* End XCBuildConfiguration section */

/* Begin XCConfigurationList section */
		3CB69DF429EE2DF400931FD5 /* Build configuration list for PBXProject "Budget" */ = {
			isa = XCConfigurationList;
			buildConfigurations = (
				3CB69E1B29EE2DF600931FD5 /* Debug */,
				3CB69E1C29EE2DF600931FD5 /* Release */,
			);
			defaultConfigurationIsVisible = 0;
			defaultConfigurationName = Release;
		};
		3CB69E1D29EE2DF600931FD5 /* Build configuration list for PBXNativeTarget "Budget" */ = {
			isa = XCConfigurationList;
			buildConfigurations = (
				3CB69E1E29EE2DF600931FD5 /* Debug */,
				3CB69E1F29EE2DF600931FD5 /* Release */,
			);
			defaultConfigurationIsVisible = 0;
			defaultConfigurationName = Release;
		};
		3CB69E2029EE2DF600931FD5 /* Build configuration list for PBXNativeTarget "BudgetTests" */ = {
			isa = XCConfigurationList;
			buildConfigurations = (
				3CB69E2129EE2DF600931FD5 /* Debug */,
				3CB69E2229EE2DF600931FD5 /* Release */,
			);
			defaultConfigurationIsVisible = 0;
			defaultConfigurationName = Release;
		};
		3CB69E2329EE2DF600931FD5 /* Build configuration list for PBXNativeTarget "BudgetUITests" */ = {
			isa = XCConfigurationList;
			buildConfigurations = (
				3CB69E2429EE2DF600931FD5 /* Debug */,
				3CB69E2529EE2DF600931FD5 /* Release */,
			);
			defaultConfigurationIsVisible = 0;
			defaultConfigurationName = Release;
		};
/* End XCConfigurationList section */
	};
	rootObject = 3CB69DF129EE2DF400931FD5 /* Project object */;
}
